PODS:
  - AppMetricaAdSupport (5.8.0):
    - AppMetricaCore (= 5.8.0)
    - AppMetricaCoreExtension (= 5.8.0)
  - AppMetricaAnalytics (5.8.0):
    - AppMetricaAdSupport (= 5.8.0)
    - AppMetricaCore (= 5.8.0)
    - AppMetricaCrashes (= 5.8.0)
    - AppMetricaWebKit (= 5.8.0)
  - AppMetricaCore (5.8.0):
    - AppMetricaCoreUtils (= 5.8.0)
    - AppMetricaEncodingUtils (= 5.8.0)
    - AppMetricaFMDB (= 5.8.0)
    - AppMetricaHostState (= 5.8.0)
    - AppMetricaLog (= 5.8.0)
    - AppMetricaNetwork (= 5.8.0)
    - AppMetricaPlatform (= 5.8.0)
    - AppMetricaProtobuf (= 5.8.0)
    - AppMetricaProtobufUtils (= 5.8.0)
    - AppMetricaStorageUtils (= 5.8.0)
  - AppMetricaCoreExtension (5.8.0):
    - AppMetricaCore (= 5.8.0)
    - AppMetricaStorageUtils (= 5.8.0)
  - AppMetricaCoreUtils (5.8.0):
    - AppMetricaLog (= 5.8.0)
  - AppMetricaCrashes (5.8.0):
    - AppMetricaCore (= 5.8.0)
    - AppMetricaCoreExtension (= 5.8.0)
    - AppMetricaCoreUtils (= 5.8.0)
    - AppMetricaEncodingUtils (= 5.8.0)
    - AppMetricaHostState (= 5.8.0)
    - AppMetricaLog (= 5.8.0)
    - AppMetricaPlatform (= 5.8.0)
    - AppMetricaProtobufUtils (= 5.8.0)
    - AppMetricaStorageUtils (= 5.8.0)
    - KSCrash/Recording (< 2.1.0, >= 2.0.0-rc.1)
  - AppMetricaEncodingUtils (5.8.0):
    - AppMetricaCoreUtils (= 5.8.0)
    - AppMetricaLog (= 5.8.0)
    - AppMetricaPlatform (= 5.8.0)
  - AppMetricaFMDB (5.8.0)
  - AppMetricaHostState (5.8.0):
    - AppMetricaCoreUtils (= 5.8.0)
    - AppMetricaLog (= 5.8.0)
  - AppMetricaLog (5.8.0)
  - AppMetricaNetwork (5.8.0):
    - AppMetricaCoreUtils (= 5.8.0)
    - AppMetricaLog (= 5.8.0)
    - AppMetricaPlatform (= 5.8.0)
  - AppMetricaPlatform (5.8.0):
    - AppMetricaCoreUtils (= 5.8.0)
    - AppMetricaLog (= 5.8.0)
  - AppMetricaProtobuf (5.8.0)
  - AppMetricaProtobufUtils (5.8.0):
    - AppMetricaProtobuf (= 5.8.0)
  - AppMetricaStorageUtils (5.8.0):
    - AppMetricaCoreUtils (= 5.8.0)
    - AppMetricaLog (= 5.8.0)
  - AppMetricaWebKit (5.8.0):
    - AppMetricaCore (= 5.8.0)
    - AppMetricaCoreUtils (= 5.8.0)
    - AppMetricaLog (= 5.8.0)
  - KSCrash/Core (2.0.0-rc.3)
  - KSCrash/Recording (2.0.0-rc.3):
    - KSCrash/RecordingCore
  - KSCrash/RecordingCore (2.0.0-rc.3):
    - KSCrash/Core

DEPENDENCIES:
  - AppMetricaAnalytics (~> 5.8.0)

SPEC REPOS:
  trunk:
    - AppMetricaAdSupport
    - AppMetricaAnalytics
    - AppMetricaCore
    - AppMetricaCoreExtension
    - AppMetricaCoreUtils
    - AppMetricaCrashes
    - AppMetricaEncodingUtils
    - AppMetricaFMDB
    - AppMetricaHostState
    - AppMetricaLog
    - AppMetricaNetwork
    - AppMetricaPlatform
    - AppMetricaProtobuf
    - AppMetricaProtobufUtils
    - AppMetricaStorageUtils
    - AppMetricaWebKit
    - KSCrash

SPEC CHECKSUMS:
  AppMetricaAdSupport: 493b39102f35b69a2db4c3656d776ab69890b1df
  AppMetricaAnalytics: f01c797b9a413bd1825bb32faa8cf1ad2ff2cca3
  AppMetricaCore: 9892526623a03d946f700aba8ee6ed0df77f4e80
  AppMetricaCoreExtension: 953e911a544e0b4349b01b5032cdecab88f345fc
  AppMetricaCoreUtils: 00ef934044dbe5515d9ce5b3b4020695abecb5df
  AppMetricaCrashes: 31d4274b67c11a737e359727b954d51cafd11f53
  AppMetricaEncodingUtils: 807366100e5be16bc6138e6f87ea739f707500b3
  AppMetricaFMDB: 81844d8e01994696ebe37eeb8484dbf90e6ffb62
  AppMetricaHostState: d7241335f6dd9d2e7553cf2d24cceb515e3d94ce
  AppMetricaLog: 527a12413d267fe421b5fcd28e5435758f569f4d
  AppMetricaNetwork: 9a479c29094a62e01c976a306846637df36f8682
  AppMetricaPlatform: 7c5cd23c32268612d51b4122ca3c9df4052265bb
  AppMetricaProtobuf: c7a6c851aa8a1a035776f4821334b593c546abd2
  AppMetricaProtobufUtils: d0aa7b2ab478390aad3134451fb9c3098b9f2f25
  AppMetricaStorageUtils: 8702c65d91a5e32dafcffbfae6af55b2cf767875
  AppMetricaWebKit: 738d64d10f59d36a4b0db0e5565d55064f985b51
  KSCrash: 6104c0ff6df6818d69b706f72c5152f0ac2c2236

PODFILE CHECKSUM: 6dbe65c626b52ce6620347fa053c09c8ae0b33e5

COCOAPODS: 1.15.2
