// !$*UTF8*$!
{
	archiveVersion = 1;
	classes = {
	};
	objectVersion = 56;
	objects = {

/* Begin PBXBuildFile section */
		321586BA2C82309600452B99 /* SF-Pro-Text-Bold.otf in Resources */ = {isa = PBXBuildFile; fileRef = 321586B92C822D2000452B99 /* SF-Pro-Text-Bold.otf */; };
		321586C12C873F2000452B99 /* TrackerEntity+CoreDataClass.swift in Sources */ = {isa = PBXBuildFile; fileRef = 321586BF2C873F2000452B99 /* TrackerEntity+CoreDataClass.swift */; };
		321586C22C873F2000452B99 /* TrackerEntity+CoreDataProperties.swift in Sources */ = {isa = PBXBuildFile; fileRef = 321586C02C873F2000452B99 /* TrackerEntity+CoreDataProperties.swift */; };
		321586C52C87417100452B99 /* Weekday.swift in Sources */ = {isa = PBXBuildFile; fileRef = 321586C42C87417100452B99 /* Weekday.swift */; };
		321586EC2C8F63DD00452B99 /* OnboardingPageViewController.swift in Sources */ = {isa = PBXBuildFile; fileRef = 321586EB2C8F63DD00452B99 /* OnboardingPageViewController.swift */; };
		321586EE2C8F68C800452B99 /* OnboardingScreenViewController.swift in Sources */ = {isa = PBXBuildFile; fileRef = 321586ED2C8F68C800452B99 /* OnboardingScreenViewController.swift */; };
		321586F22C90841B00452B99 /* Constants.swift in Sources */ = {isa = PBXBuildFile; fileRef = 321586F12C90841B00452B99 /* Constants.swift */; };
		321586F62C90AA9B00452B99 /* ChooseCategoryViewModel.swift in Sources */ = {isa = PBXBuildFile; fileRef = 321586F52C90AA9B00452B99 /* ChooseCategoryViewModel.swift */; };
		321586F82C91E7FD00452B99 /* CreateNewCategoryViewModel.swift in Sources */ = {isa = PBXBuildFile; fileRef = 321586F72C91E7FD00452B99 /* CreateNewCategoryViewModel.swift */; };
		321586FC2C91F66000452B99 /* ScheduleScreenViewModel.swift in Sources */ = {isa = PBXBuildFile; fileRef = 321586FB2C91F66000452B99 /* ScheduleScreenViewModel.swift */; };
		321586FE2C92E5B000452B99 /* CategoryCell.swift in Sources */ = {isa = PBXBuildFile; fileRef = 321586FD2C92E5B000452B99 /* CategoryCell.swift */; };
		321587032C9495CA00452B99 /* Localizable.strings in Resources */ = {isa = PBXBuildFile; fileRef = 321587012C9495CA00452B99 /* Localizable.strings */; };
		321587062C949B7B00452B99 /* Localizable.stringsdict in Resources */ = {isa = PBXBuildFile; fileRef = 321587042C949B7B00452B99 /* Localizable.stringsdict */; };
		321587112C9C3B9C00452B99 /* FilterTrackersViewController.swift in Sources */ = {isa = PBXBuildFile; fileRef = 321587102C9C3B9C00452B99 /* FilterTrackersViewController.swift */; };
		321587132C9C6A6300452B99 /* FilterType.swift in Sources */ = {isa = PBXBuildFile; fileRef = 321587122C9C6A6300452B99 /* FilterType.swift */; };
		321587172C9DDEFC00452B99 /* InlineSnapshotTesting in Frameworks */ = {isa = PBXBuildFile; productRef = 321587162C9DDEFC00452B99 /* InlineSnapshotTesting */; };
		321587192C9DDEFC00452B99 /* SnapshotTesting in Frameworks */ = {isa = PBXBuildFile; productRef = 321587182C9DDEFC00452B99 /* SnapshotTesting */; };
		3238825B2C52AB0B00EE11A3 /* AppDelegate.swift in Sources */ = {isa = PBXBuildFile; fileRef = 3238825A2C52AB0B00EE11A3 /* AppDelegate.swift */; };
		3238825D2C52AB0B00EE11A3 /* SceneDelegate.swift in Sources */ = {isa = PBXBuildFile; fileRef = 3238825C2C52AB0B00EE11A3 /* SceneDelegate.swift */; };
		323882622C52AB0B00EE11A3 /* Base in Resources */ = {isa = PBXBuildFile; fileRef = 323882612C52AB0B00EE11A3 /* Base */; };
		323882672C52AB0F00EE11A3 /* Assets.xcassets in Resources */ = {isa = PBXBuildFile; fileRef = 323882662C52AB0F00EE11A3 /* Assets.xcassets */; };
		3238826A2C52AB0F00EE11A3 /* Base in Resources */ = {isa = PBXBuildFile; fileRef = 323882692C52AB0F00EE11A3 /* Base */; };
		323882752C52AB0F00EE11A3 /* TrackerTests.swift in Sources */ = {isa = PBXBuildFile; fileRef = 323882742C52AB0F00EE11A3 /* TrackerTests.swift */; };
		3238827F2C52AB0F00EE11A3 /* TrackerUITests.swift in Sources */ = {isa = PBXBuildFile; fileRef = 3238827E2C52AB0F00EE11A3 /* TrackerUITests.swift */; };
		323882812C52AB0F00EE11A3 /* TrackerUITestsLaunchTests.swift in Sources */ = {isa = PBXBuildFile; fileRef = 323882802C52AB0F00EE11A3 /* TrackerUITestsLaunchTests.swift */; };
		32A45B652C53D549002A97F5 /* LaunchScreenViewController.swift in Sources */ = {isa = PBXBuildFile; fileRef = 32A45B642C53D549002A97F5 /* LaunchScreenViewController.swift */; };
		32A45B682C53D9A6002A97F5 /* TabBarController.swift in Sources */ = {isa = PBXBuildFile; fileRef = 32A45B672C53D9A6002A97F5 /* TabBarController.swift */; };
		32A45B6B2C53DA2E002A97F5 /* TrackersViewController.swift in Sources */ = {isa = PBXBuildFile; fileRef = 32A45B6A2C53DA2E002A97F5 /* TrackersViewController.swift */; };
		32A45B6E2C53DAA2002A97F5 /* StatisticsViewController.swift in Sources */ = {isa = PBXBuildFile; fileRef = 32A45B6D2C53DAA2002A97F5 /* StatisticsViewController.swift */; };
		32A45BB12C5EA9C6002A97F5 /* Tracker.swift in Sources */ = {isa = PBXBuildFile; fileRef = 32A45BB02C5EA9C6002A97F5 /* Tracker.swift */; };
		32A45BB32C5EAC34002A97F5 /* TrackerCategory.swift in Sources */ = {isa = PBXBuildFile; fileRef = 32A45BB22C5EAC34002A97F5 /* TrackerCategory.swift */; };
		32A45BB52C5EACDC002A97F5 /* TrackerRecord.swift in Sources */ = {isa = PBXBuildFile; fileRef = 32A45BB42C5EACDC002A97F5 /* TrackerRecord.swift */; };
		32A45BB72C5FE326002A97F5 /* ChooseTrackerTypeViewController.swift in Sources */ = {isa = PBXBuildFile; fileRef = 32A45BB62C5FE326002A97F5 /* ChooseTrackerTypeViewController.swift */; };
		32B013472C7A4626004C4969 /* TrackerStore.swift in Sources */ = {isa = PBXBuildFile; fileRef = 32B013462C7A4626004C4969 /* TrackerStore.swift */; };
		32B013492C7A4634004C4969 /* TrackerCategoryStore.swift in Sources */ = {isa = PBXBuildFile; fileRef = 32B013482C7A4634004C4969 /* TrackerCategoryStore.swift */; };
		32B0134B2C7A4640004C4969 /* TrackerRecordStore.swift in Sources */ = {isa = PBXBuildFile; fileRef = 32B0134A2C7A4640004C4969 /* TrackerRecordStore.swift */; };
		32B0134D2C822B34004C4969 /* SF-Pro-Text-Medium.otf in Resources */ = {isa = PBXBuildFile; fileRef = 32B0134C2C822B34004C4969 /* SF-Pro-Text-Medium.otf */; };
		32BABEFC2C60DAAC00E176E2 /* CreateNewTrackerViewController.swift in Sources */ = {isa = PBXBuildFile; fileRef = 32BABEFB2C60DAAC00E176E2 /* CreateNewTrackerViewController.swift */; };
		32BABEFE2C61501A00E176E2 /* ScheduleScreenViewController.swift in Sources */ = {isa = PBXBuildFile; fileRef = 32BABEFD2C61501A00E176E2 /* ScheduleScreenViewController.swift */; };
		32BABF002C65194600E176E2 /* TrackersCell.swift in Sources */ = {isa = PBXBuildFile; fileRef = 32BABEFF2C65194600E176E2 /* TrackersCell.swift */; };
		32BABF022C6699EE00E176E2 /* TrackersHeaderView.swift in Sources */ = {isa = PBXBuildFile; fileRef = 32BABF012C6699EE00E176E2 /* TrackersHeaderView.swift */; };
		32BABF042C6766E400E176E2 /* ChooseCategoryViewController.swift in Sources */ = {isa = PBXBuildFile; fileRef = 32BABF032C6766E400E176E2 /* ChooseCategoryViewController.swift */; };
		32BABF082C676A9200E176E2 /* CreateNewCategoryViewController.swift in Sources */ = {isa = PBXBuildFile; fileRef = 32BABF072C676A9200E176E2 /* CreateNewCategoryViewController.swift */; };
		32BABF0E2C6D11D200E176E2 /* UIColor.swift in Sources */ = {isa = PBXBuildFile; fileRef = 32BABF0D2C6D11D200E176E2 /* UIColor.swift */; };
		32BABF102C71212500E176E2 /* UITabBar.swift in Sources */ = {isa = PBXBuildFile; fileRef = 32BABF0F2C71212500E176E2 /* UITabBar.swift */; };
		32BABF122C7213B300E176E2 /* UIView.swift in Sources */ = {isa = PBXBuildFile; fileRef = 32BABF112C7213B300E176E2 /* UIView.swift */; };
		32BABF1A2C750BF500E176E2 /* EmojiCell.swift in Sources */ = {isa = PBXBuildFile; fileRef = 32BABF192C750BF500E176E2 /* EmojiCell.swift */; };
		32BABF1C2C750F1C00E176E2 /* EmojiHeader.swift in Sources */ = {isa = PBXBuildFile; fileRef = 32BABF1B2C750F1C00E176E2 /* EmojiHeader.swift */; };
		32C3B6AF2C7514A800E34DFD /* EmojiCollectionViewDataSourceDelegate.swift in Sources */ = {isa = PBXBuildFile; fileRef = 32C3B6AE2C7514A800E34DFD /* EmojiCollectionViewDataSourceDelegate.swift */; };
		32C3B6B22C7770C500E34DFD /* ColorCell.swift in Sources */ = {isa = PBXBuildFile; fileRef = 32C3B6B12C7770C500E34DFD /* ColorCell.swift */; };
		32C3B6B42C7770D700E34DFD /* ColorHeader.swift in Sources */ = {isa = PBXBuildFile; fileRef = 32C3B6B32C7770D700E34DFD /* ColorHeader.swift */; };
		32C3B6B62C7770E700E34DFD /* ColorCollectionViewDataSourceDelegate.swift in Sources */ = {isa = PBXBuildFile; fileRef = 32C3B6B52C7770E700E34DFD /* ColorCollectionViewDataSourceDelegate.swift */; };
		32C3B6BA2C78E8D700E34DFD /* TrackersData.xcdatamodeld in Sources */ = {isa = PBXBuildFile; fileRef = 32C3B6B82C78E8D700E34DFD /* TrackersData.xcdatamodeld */; };
/* End PBXBuildFile section */

/* Begin PBXContainerItemProxy section */
		323882712C52AB0F00EE11A3 /* PBXContainerItemProxy */ = {
			isa = PBXContainerItemProxy;
			containerPortal = 3238824F2C52AB0B00EE11A3 /* Project object */;
			proxyType = 1;
			remoteGlobalIDString = 323882562C52AB0B00EE11A3;
			remoteInfo = Tracker;
		};
		3238827B2C52AB0F00EE11A3 /* PBXContainerItemProxy */ = {
			isa = PBXContainerItemProxy;
			containerPortal = 3238824F2C52AB0B00EE11A3 /* Project object */;
			proxyType = 1;
			remoteGlobalIDString = 323882562C52AB0B00EE11A3;
			remoteInfo = Tracker;
		};
/* End PBXContainerItemProxy section */

/* Begin PBXFileReference section */
		321586B92C822D2000452B99 /* SF-Pro-Text-Bold.otf */ = {isa = PBXFileReference; lastKnownFileType = file; path = "SF-Pro-Text-Bold.otf"; sourceTree = "<group>"; };
		321586BF2C873F2000452B99 /* TrackerEntity+CoreDataClass.swift */ = {isa = PBXFileReference; lastKnownFileType = sourcecode.swift; path = "TrackerEntity+CoreDataClass.swift"; sourceTree = "<group>"; };
		321586C02C873F2000452B99 /* TrackerEntity+CoreDataProperties.swift */ = {isa = PBXFileReference; lastKnownFileType = sourcecode.swift; path = "TrackerEntity+CoreDataProperties.swift"; sourceTree = "<group>"; };
		321586C42C87417100452B99 /* Weekday.swift */ = {isa = PBXFileReference; lastKnownFileType = sourcecode.swift; path = Weekday.swift; sourceTree = "<group>"; };
		321586EB2C8F63DD00452B99 /* OnboardingPageViewController.swift */ = {isa = PBXFileReference; lastKnownFileType = sourcecode.swift; path = OnboardingPageViewController.swift; sourceTree = "<group>"; };
		321586ED2C8F68C800452B99 /* OnboardingScreenViewController.swift */ = {isa = PBXFileReference; lastKnownFileType = sourcecode.swift; path = OnboardingScreenViewController.swift; sourceTree = "<group>"; };
		321586F12C90841B00452B99 /* Constants.swift */ = {isa = PBXFileReference; lastKnownFileType = sourcecode.swift; path = Constants.swift; sourceTree = "<group>"; };
		321586F52C90AA9B00452B99 /* ChooseCategoryViewModel.swift */ = {isa = PBXFileReference; lastKnownFileType = sourcecode.swift; path = ChooseCategoryViewModel.swift; sourceTree = "<group>"; };
		321586F72C91E7FD00452B99 /* CreateNewCategoryViewModel.swift */ = {isa = PBXFileReference; lastKnownFileType = sourcecode.swift; path = CreateNewCategoryViewModel.swift; sourceTree = "<group>"; };
		321586FB2C91F66000452B99 /* ScheduleScreenViewModel.swift */ = {isa = PBXFileReference; lastKnownFileType = sourcecode.swift; path = ScheduleScreenViewModel.swift; sourceTree = "<group>"; };
		321586FD2C92E5B000452B99 /* CategoryCell.swift */ = {isa = PBXFileReference; lastKnownFileType = sourcecode.swift; path = CategoryCell.swift; sourceTree = "<group>"; };
		321587022C9495CA00452B99 /* en */ = {isa = PBXFileReference; lastKnownFileType = text.plist.strings; name = en; path = en.lproj/Localizable.strings; sourceTree = "<group>"; };
		321587052C949B7B00452B99 /* en */ = {isa = PBXFileReference; lastKnownFileType = text.plist.stringsdict; name = en; path = en.lproj/Localizable.stringsdict; sourceTree = "<group>"; };
		321587072C949E0E00452B99 /* ru */ = {isa = PBXFileReference; lastKnownFileType = text.plist.strings; name = ru; path = ru.lproj/Localizable.strings; sourceTree = "<group>"; };
		321587082C949E1F00452B99 /* ru */ = {isa = PBXFileReference; lastKnownFileType = text.plist.stringsdict; name = ru; path = ru.lproj/Localizable.stringsdict; sourceTree = "<group>"; };
		3215870F2C9B164F00452B99 /* Library_2.xcdatamodel */ = {isa = PBXFileReference; lastKnownFileType = wrapper.xcdatamodel; path = Library_2.xcdatamodel; sourceTree = "<group>"; };
		321587102C9C3B9C00452B99 /* FilterTrackersViewController.swift */ = {isa = PBXFileReference; lastKnownFileType = sourcecode.swift; path = FilterTrackersViewController.swift; sourceTree = "<group>"; };
		321587122C9C6A6300452B99 /* FilterType.swift */ = {isa = PBXFileReference; lastKnownFileType = sourcecode.swift; path = FilterType.swift; sourceTree = "<group>"; };
		323882572C52AB0B00EE11A3 /* Tracker.app */ = {isa = PBXFileReference; explicitFileType = wrapper.application; includeInIndex = 0; path = Tracker.app; sourceTree = BUILT_PRODUCTS_DIR; };
		3238825A2C52AB0B00EE11A3 /* AppDelegate.swift */ = {isa = PBXFileReference; lastKnownFileType = sourcecode.swift; path = AppDelegate.swift; sourceTree = "<group>"; };
		3238825C2C52AB0B00EE11A3 /* SceneDelegate.swift */ = {isa = PBXFileReference; lastKnownFileType = sourcecode.swift; path = SceneDelegate.swift; sourceTree = "<group>"; };
		323882612C52AB0B00EE11A3 /* Base */ = {isa = PBXFileReference; lastKnownFileType = file.storyboard; name = Base; path = Base.lproj/Main.storyboard; sourceTree = "<group>"; };
		323882662C52AB0F00EE11A3 /* Assets.xcassets */ = {isa = PBXFileReference; lastKnownFileType = folder.assetcatalog; path = Assets.xcassets; sourceTree = "<group>"; };
		323882692C52AB0F00EE11A3 /* Base */ = {isa = PBXFileReference; lastKnownFileType = file.storyboard; name = Base; path = Base.lproj/LaunchScreen.storyboard; sourceTree = "<group>"; };
		3238826B2C52AB0F00EE11A3 /* Info.plist */ = {isa = PBXFileReference; lastKnownFileType = text.plist.xml; path = Info.plist; sourceTree = "<group>"; };
		323882702C52AB0F00EE11A3 /* TrackerTests.xctest */ = {isa = PBXFileReference; explicitFileType = wrapper.cfbundle; includeInIndex = 0; path = TrackerTests.xctest; sourceTree = BUILT_PRODUCTS_DIR; };
		323882742C52AB0F00EE11A3 /* TrackerTests.swift */ = {isa = PBXFileReference; lastKnownFileType = sourcecode.swift; path = TrackerTests.swift; sourceTree = "<group>"; };
		3238827A2C52AB0F00EE11A3 /* TrackerUITests.xctest */ = {isa = PBXFileReference; explicitFileType = wrapper.cfbundle; includeInIndex = 0; path = TrackerUITests.xctest; sourceTree = BUILT_PRODUCTS_DIR; };
		3238827E2C52AB0F00EE11A3 /* TrackerUITests.swift */ = {isa = PBXFileReference; lastKnownFileType = sourcecode.swift; path = TrackerUITests.swift; sourceTree = "<group>"; };
		323882802C52AB0F00EE11A3 /* TrackerUITestsLaunchTests.swift */ = {isa = PBXFileReference; lastKnownFileType = sourcecode.swift; path = TrackerUITestsLaunchTests.swift; sourceTree = "<group>"; };
		32A45B642C53D549002A97F5 /* LaunchScreenViewController.swift */ = {isa = PBXFileReference; lastKnownFileType = sourcecode.swift; path = LaunchScreenViewController.swift; sourceTree = "<group>"; };
		32A45B672C53D9A6002A97F5 /* TabBarController.swift */ = {isa = PBXFileReference; lastKnownFileType = sourcecode.swift; path = TabBarController.swift; sourceTree = "<group>"; };
		32A45B6A2C53DA2E002A97F5 /* TrackersViewController.swift */ = {isa = PBXFileReference; lastKnownFileType = sourcecode.swift; path = TrackersViewController.swift; sourceTree = "<group>"; };
		32A45B6D2C53DAA2002A97F5 /* StatisticsViewController.swift */ = {isa = PBXFileReference; lastKnownFileType = sourcecode.swift; path = StatisticsViewController.swift; sourceTree = "<group>"; };
		32A45BB02C5EA9C6002A97F5 /* Tracker.swift */ = {isa = PBXFileReference; lastKnownFileType = sourcecode.swift; path = Tracker.swift; sourceTree = "<group>"; };
		32A45BB22C5EAC34002A97F5 /* TrackerCategory.swift */ = {isa = PBXFileReference; lastKnownFileType = sourcecode.swift; path = TrackerCategory.swift; sourceTree = "<group>"; };
		32A45BB42C5EACDC002A97F5 /* TrackerRecord.swift */ = {isa = PBXFileReference; lastKnownFileType = sourcecode.swift; path = TrackerRecord.swift; sourceTree = "<group>"; };
		32A45BB62C5FE326002A97F5 /* ChooseTrackerTypeViewController.swift */ = {isa = PBXFileReference; lastKnownFileType = sourcecode.swift; path = ChooseTrackerTypeViewController.swift; sourceTree = "<group>"; };
		32B013462C7A4626004C4969 /* TrackerStore.swift */ = {isa = PBXFileReference; lastKnownFileType = sourcecode.swift; path = TrackerStore.swift; sourceTree = "<group>"; };
		32B013482C7A4634004C4969 /* TrackerCategoryStore.swift */ = {isa = PBXFileReference; lastKnownFileType = sourcecode.swift; path = TrackerCategoryStore.swift; sourceTree = "<group>"; };
		32B0134A2C7A4640004C4969 /* TrackerRecordStore.swift */ = {isa = PBXFileReference; lastKnownFileType = sourcecode.swift; path = TrackerRecordStore.swift; sourceTree = "<group>"; };
		32B0134C2C822B34004C4969 /* SF-Pro-Text-Medium.otf */ = {isa = PBXFileReference; lastKnownFileType = file; path = "SF-Pro-Text-Medium.otf"; sourceTree = "<group>"; };
		32BABEFB2C60DAAC00E176E2 /* CreateNewTrackerViewController.swift */ = {isa = PBXFileReference; lastKnownFileType = sourcecode.swift; path = CreateNewTrackerViewController.swift; sourceTree = "<group>"; };
		32BABEFD2C61501A00E176E2 /* ScheduleScreenViewController.swift */ = {isa = PBXFileReference; lastKnownFileType = sourcecode.swift; path = ScheduleScreenViewController.swift; sourceTree = "<group>"; };
		32BABEFF2C65194600E176E2 /* TrackersCell.swift */ = {isa = PBXFileReference; lastKnownFileType = sourcecode.swift; path = TrackersCell.swift; sourceTree = "<group>"; };
		32BABF012C6699EE00E176E2 /* TrackersHeaderView.swift */ = {isa = PBXFileReference; lastKnownFileType = sourcecode.swift; path = TrackersHeaderView.swift; sourceTree = "<group>"; };
		32BABF032C6766E400E176E2 /* ChooseCategoryViewController.swift */ = {isa = PBXFileReference; lastKnownFileType = sourcecode.swift; path = ChooseCategoryViewController.swift; sourceTree = "<group>"; };
		32BABF072C676A9200E176E2 /* CreateNewCategoryViewController.swift */ = {isa = PBXFileReference; lastKnownFileType = sourcecode.swift; path = CreateNewCategoryViewController.swift; sourceTree = "<group>"; };
		32BABF0D2C6D11D200E176E2 /* UIColor.swift */ = {isa = PBXFileReference; lastKnownFileType = sourcecode.swift; path = UIColor.swift; sourceTree = "<group>"; };
		32BABF0F2C71212500E176E2 /* UITabBar.swift */ = {isa = PBXFileReference; lastKnownFileType = sourcecode.swift; path = UITabBar.swift; sourceTree = "<group>"; };
		32BABF112C7213B300E176E2 /* UIView.swift */ = {isa = PBXFileReference; lastKnownFileType = sourcecode.swift; path = UIView.swift; sourceTree = "<group>"; };
		32BABF192C750BF500E176E2 /* EmojiCell.swift */ = {isa = PBXFileReference; lastKnownFileType = sourcecode.swift; path = EmojiCell.swift; sourceTree = "<group>"; };
		32BABF1B2C750F1C00E176E2 /* EmojiHeader.swift */ = {isa = PBXFileReference; lastKnownFileType = sourcecode.swift; path = EmojiHeader.swift; sourceTree = "<group>"; };
		32C3B6AE2C7514A800E34DFD /* EmojiCollectionViewDataSourceDelegate.swift */ = {isa = PBXFileReference; lastKnownFileType = sourcecode.swift; path = EmojiCollectionViewDataSourceDelegate.swift; sourceTree = "<group>"; };
		32C3B6B12C7770C500E34DFD /* ColorCell.swift */ = {isa = PBXFileReference; lastKnownFileType = sourcecode.swift; path = ColorCell.swift; sourceTree = "<group>"; };
		32C3B6B32C7770D700E34DFD /* ColorHeader.swift */ = {isa = PBXFileReference; lastKnownFileType = sourcecode.swift; path = ColorHeader.swift; sourceTree = "<group>"; };
		32C3B6B52C7770E700E34DFD /* ColorCollectionViewDataSourceDelegate.swift */ = {isa = PBXFileReference; lastKnownFileType = sourcecode.swift; path = ColorCollectionViewDataSourceDelegate.swift; sourceTree = "<group>"; };
		32C3B6B92C78E8D700E34DFD /* Library.xcdatamodel */ = {isa = PBXFileReference; lastKnownFileType = wrapper.xcdatamodel; path = Library.xcdatamodel; sourceTree = "<group>"; };
/* End PBXFileReference section */

/* Begin PBXFrameworksBuildPhase section */
		323882542C52AB0B00EE11A3 /* Frameworks */ = {
			isa = PBXFrameworksBuildPhase;
			buildActionMask = 2147483647;
			files = (
			);
			runOnlyForDeploymentPostprocessing = 0;
		};
		3238826D2C52AB0F00EE11A3 /* Frameworks */ = {
			isa = PBXFrameworksBuildPhase;
			buildActionMask = 2147483647;
			files = (
				321587172C9DDEFC00452B99 /* InlineSnapshotTesting in Frameworks */,
				321587192C9DDEFC00452B99 /* SnapshotTesting in Frameworks */,
			);
			runOnlyForDeploymentPostprocessing = 0;
		};
		323882772C52AB0F00EE11A3 /* Frameworks */ = {
			isa = PBXFrameworksBuildPhase;
			buildActionMask = 2147483647;
			files = (
			);
			runOnlyForDeploymentPostprocessing = 0;
		};
/* End PBXFrameworksBuildPhase section */

/* Begin PBXGroup section */
		321586C32C873F5D00452B99 /* TrackerEntity */ = {
			isa = PBXGroup;
			children = (
				321586BF2C873F2000452B99 /* TrackerEntity+CoreDataClass.swift */,
				321586C02C873F2000452B99 /* TrackerEntity+CoreDataProperties.swift */,
			);
			path = TrackerEntity;
			sourceTree = "<group>";
		};
		321586EA2C8F635400452B99 /* OnboardingScreen */ = {
			isa = PBXGroup;
			children = (
				321586EB2C8F63DD00452B99 /* OnboardingPageViewController.swift */,
				321586ED2C8F68C800452B99 /* OnboardingScreenViewController.swift */,
			);
			path = OnboardingScreen;
			sourceTree = "<group>";
		};
		321586FA2C91F61300452B99 /* ScheduleScreen */ = {
			isa = PBXGroup;
			children = (
				32BABEFD2C61501A00E176E2 /* ScheduleScreenViewController.swift */,
				321586FB2C91F66000452B99 /* ScheduleScreenViewModel.swift */,
			);
			path = ScheduleScreen;
			sourceTree = "<group>";
		};
		3238824E2C52AB0B00EE11A3 = {
			isa = PBXGroup;
			children = (
				323882592C52AB0B00EE11A3 /* Tracker */,
				323882732C52AB0F00EE11A3 /* TrackerTests */,
				3238827D2C52AB0F00EE11A3 /* TrackerUITests */,
				323882582C52AB0B00EE11A3 /* Products */,
			);
			sourceTree = "<group>";
		};
		323882582C52AB0B00EE11A3 /* Products */ = {
			isa = PBXGroup;
			children = (
				323882572C52AB0B00EE11A3 /* Tracker.app */,
				323882702C52AB0F00EE11A3 /* TrackerTests.xctest */,
				3238827A2C52AB0F00EE11A3 /* TrackerUITests.xctest */,
			);
			name = Products;
			sourceTree = "<group>";
		};
		323882592C52AB0B00EE11A3 /* Tracker */ = {
			isa = PBXGroup;
			children = (
				321586EA2C8F635400452B99 /* OnboardingScreen */,
				32B0134E2C822B41004C4969 /* Fonts */,
				32C3B6B72C78E89700E34DFD /*  CoreData */,
				32BABF0C2C6D11BC00E176E2 /* Extensions */,
				32A45BAF2C5EA9B2002A97F5 /* Models */,
				32A45B6C2C53DA6A002A97F5 /* StatisticsScreen */,
				32A45B692C53DA0B002A97F5 /* TrackersScreen */,
				32A45B662C53D97C002A97F5 /* TabBar */,
				32A45B632C53D51C002A97F5 /* LaunchScreen */,
				3238825A2C52AB0B00EE11A3 /* AppDelegate.swift */,
				3238825C2C52AB0B00EE11A3 /* SceneDelegate.swift */,
				323882602C52AB0B00EE11A3 /* Main.storyboard */,
				323882662C52AB0F00EE11A3 /* Assets.xcassets */,
				323882682C52AB0F00EE11A3 /* LaunchScreen.storyboard */,
				3238826B2C52AB0F00EE11A3 /* Info.plist */,
				321586F12C90841B00452B99 /* Constants.swift */,
				321587012C9495CA00452B99 /* Localizable.strings */,
				321587042C949B7B00452B99 /* Localizable.stringsdict */,
			);
			path = Tracker;
			sourceTree = "<group>";
		};
		323882732C52AB0F00EE11A3 /* TrackerTests */ = {
			isa = PBXGroup;
			children = (
				323882742C52AB0F00EE11A3 /* TrackerTests.swift */,
			);
			path = TrackerTests;
			sourceTree = "<group>";
		};
		3238827D2C52AB0F00EE11A3 /* TrackerUITests */ = {
			isa = PBXGroup;
			children = (
				3238827E2C52AB0F00EE11A3 /* TrackerUITests.swift */,
				323882802C52AB0F00EE11A3 /* TrackerUITestsLaunchTests.swift */,
			);
			path = TrackerUITests;
			sourceTree = "<group>";
		};
		32A45B632C53D51C002A97F5 /* LaunchScreen */ = {
			isa = PBXGroup;
			children = (
				32A45B642C53D549002A97F5 /* LaunchScreenViewController.swift */,
			);
			path = LaunchScreen;
			sourceTree = "<group>";
		};
		32A45B662C53D97C002A97F5 /* TabBar */ = {
			isa = PBXGroup;
			children = (
				32A45B672C53D9A6002A97F5 /* TabBarController.swift */,
			);
			path = TabBar;
			sourceTree = "<group>";
		};
		32A45B692C53DA0B002A97F5 /* TrackersScreen */ = {
			isa = PBXGroup;
			children = (
				32BABF1E2C750FEB00E176E2 /* TrackersMainScreen */,
				32BABF052C67670200E176E2 /* AddNewTrackerScreens */,
				321587102C9C3B9C00452B99 /* FilterTrackersViewController.swift */,
			);
			path = TrackersScreen;
			sourceTree = "<group>";
		};
		32A45B6C2C53DA6A002A97F5 /* StatisticsScreen */ = {
			isa = PBXGroup;
			children = (
				32A45B6D2C53DAA2002A97F5 /* StatisticsViewController.swift */,
			);
			path = StatisticsScreen;
			sourceTree = "<group>";
		};
		32A45BAF2C5EA9B2002A97F5 /* Models */ = {
			isa = PBXGroup;
			children = (
				32A45BB02C5EA9C6002A97F5 /* Tracker.swift */,
				32A45BB22C5EAC34002A97F5 /* TrackerCategory.swift */,
				32A45BB42C5EACDC002A97F5 /* TrackerRecord.swift */,
				321586C42C87417100452B99 /* Weekday.swift */,
				321587122C9C6A6300452B99 /* FilterType.swift */,
			);
			path = Models;
			sourceTree = "<group>";
		};
		32B0134E2C822B41004C4969 /* Fonts */ = {
			isa = PBXGroup;
			children = (
				321586B92C822D2000452B99 /* SF-Pro-Text-Bold.otf */,
				32B0134C2C822B34004C4969 /* SF-Pro-Text-Medium.otf */,
			);
			path = Fonts;
			sourceTree = "<group>";
		};
		32BABF052C67670200E176E2 /* AddNewTrackerScreens */ = {
			isa = PBXGroup;
			children = (
				32A45BB62C5FE326002A97F5 /* ChooseTrackerTypeViewController.swift */,
				32BABF1D2C750FB200E176E2 /* CreateNewTrackerScreen */,
			);
			path = AddNewTrackerScreens;
			sourceTree = "<group>";
		};
		32BABF062C676A6700E176E2 /* Category */ = {
			isa = PBXGroup;
			children = (
				32BABF032C6766E400E176E2 /* ChooseCategoryViewController.swift */,
				321586F52C90AA9B00452B99 /* ChooseCategoryViewModel.swift */,
				32BABF072C676A9200E176E2 /* CreateNewCategoryViewController.swift */,
				321586F72C91E7FD00452B99 /* CreateNewCategoryViewModel.swift */,
				321586FD2C92E5B000452B99 /* CategoryCell.swift */,
			);
			path = Category;
			sourceTree = "<group>";
		};
		32BABF0C2C6D11BC00E176E2 /* Extensions */ = {
			isa = PBXGroup;
			children = (
				32BABF0D2C6D11D200E176E2 /* UIColor.swift */,
				32BABF0F2C71212500E176E2 /* UITabBar.swift */,
				32BABF112C7213B300E176E2 /* UIView.swift */,
			);
			path = Extensions;
			sourceTree = "<group>";
		};
		32BABF182C750BC800E176E2 /* EmojiCollectionView */ = {
			isa = PBXGroup;
			children = (
				32BABF192C750BF500E176E2 /* EmojiCell.swift */,
				32BABF1B2C750F1C00E176E2 /* EmojiHeader.swift */,
				32C3B6AE2C7514A800E34DFD /* EmojiCollectionViewDataSourceDelegate.swift */,
			);
			path = EmojiCollectionView;
			sourceTree = "<group>";
		};
		32BABF1D2C750FB200E176E2 /* CreateNewTrackerScreen */ = {
			isa = PBXGroup;
			children = (
				321586FA2C91F61300452B99 /* ScheduleScreen */,
				32BABF062C676A6700E176E2 /* Category */,
				32BABEFB2C60DAAC00E176E2 /* CreateNewTrackerViewController.swift */,
				32BABF182C750BC800E176E2 /* EmojiCollectionView */,
				32C3B6B02C776FC700E34DFD /* ColorCollectionView */,
			);
			path = CreateNewTrackerScreen;
			sourceTree = "<group>";
		};
		32BABF1E2C750FEB00E176E2 /* TrackersMainScreen */ = {
			isa = PBXGroup;
			children = (
				32A45B6A2C53DA2E002A97F5 /* TrackersViewController.swift */,
				32BABEFF2C65194600E176E2 /* TrackersCell.swift */,
				32BABF012C6699EE00E176E2 /* TrackersHeaderView.swift */,
			);
			path = TrackersMainScreen;
			sourceTree = "<group>";
		};
		32C3B6B02C776FC700E34DFD /* ColorCollectionView */ = {
			isa = PBXGroup;
			children = (
				32C3B6B12C7770C500E34DFD /* ColorCell.swift */,
				32C3B6B32C7770D700E34DFD /* ColorHeader.swift */,
				32C3B6B52C7770E700E34DFD /* ColorCollectionViewDataSourceDelegate.swift */,
			);
			path = ColorCollectionView;
			sourceTree = "<group>";
		};
		32C3B6B72C78E89700E34DFD /*  CoreData */ = {
			isa = PBXGroup;
			children = (
				321586C32C873F5D00452B99 /* TrackerEntity */,
				32C3B6B82C78E8D700E34DFD /* TrackersData.xcdatamodeld */,
				32B013462C7A4626004C4969 /* TrackerStore.swift */,
				32B013482C7A4634004C4969 /* TrackerCategoryStore.swift */,
				32B0134A2C7A4640004C4969 /* TrackerRecordStore.swift */,
			);
			path = " CoreData";
			sourceTree = "<group>";
		};
/* End PBXGroup section */

/* Begin PBXNativeTarget section */
		323882562C52AB0B00EE11A3 /* Tracker */ = {
			isa = PBXNativeTarget;
			buildConfigurationList = 323882842C52AB0F00EE11A3 /* Build configuration list for PBXNativeTarget "Tracker" */;
			buildPhases = (
				323882532C52AB0B00EE11A3 /* Sources */,
				3238828D2C52B2E200EE11A3 /* Run Script */,
				323882542C52AB0B00EE11A3 /* Frameworks */,
				323882552C52AB0B00EE11A3 /* Resources */,
			);
			buildRules = (
			);
			dependencies = (
			);
			name = Tracker;
			productName = Tracker;
			productReference = 323882572C52AB0B00EE11A3 /* Tracker.app */;
			productType = "com.apple.product-type.application";
		};
		3238826F2C52AB0F00EE11A3 /* TrackerTests */ = {
			isa = PBXNativeTarget;
			buildConfigurationList = 323882872C52AB0F00EE11A3 /* Build configuration list for PBXNativeTarget "TrackerTests" */;
			buildPhases = (
				3238826C2C52AB0F00EE11A3 /* Sources */,
				3238826D2C52AB0F00EE11A3 /* Frameworks */,
				3238826E2C52AB0F00EE11A3 /* Resources */,
			);
			buildRules = (
			);
			dependencies = (
				323882722C52AB0F00EE11A3 /* PBXTargetDependency */,
			);
			name = TrackerTests;
			packageProductDependencies = (
				321587162C9DDEFC00452B99 /* InlineSnapshotTesting */,
				321587182C9DDEFC00452B99 /* SnapshotTesting */,
			);
			productName = TrackerTests;
			productReference = 323882702C52AB0F00EE11A3 /* TrackerTests.xctest */;
			productType = "com.apple.product-type.bundle.unit-test";
		};
		323882792C52AB0F00EE11A3 /* TrackerUITests */ = {
			isa = PBXNativeTarget;
			buildConfigurationList = 3238828A2C52AB0F00EE11A3 /* Build configuration list for PBXNativeTarget "TrackerUITests" */;
			buildPhases = (
				323882762C52AB0F00EE11A3 /* Sources */,
				323882772C52AB0F00EE11A3 /* Frameworks */,
				323882782C52AB0F00EE11A3 /* Resources */,
			);
			buildRules = (
			);
			dependencies = (
				3238827C2C52AB0F00EE11A3 /* PBXTargetDependency */,
			);
			name = TrackerUITests;
			productName = TrackerUITests;
			productReference = 3238827A2C52AB0F00EE11A3 /* TrackerUITests.xctest */;
			productType = "com.apple.product-type.bundle.ui-testing";
		};
/* End PBXNativeTarget section */

/* Begin PBXProject section */
		3238824F2C52AB0B00EE11A3 /* Project object */ = {
			isa = PBXProject;
			attributes = {
				BuildIndependentTargetsInParallel = 1;
				LastSwiftUpdateCheck = 1540;
				LastUpgradeCheck = 1540;
				TargetAttributes = {
					323882562C52AB0B00EE11A3 = {
						CreatedOnToolsVersion = 15.4;
					};
					3238826F2C52AB0F00EE11A3 = {
						CreatedOnToolsVersion = 15.4;
						TestTargetID = 323882562C52AB0B00EE11A3;
					};
					323882792C52AB0F00EE11A3 = {
						CreatedOnToolsVersion = 15.4;
						TestTargetID = 323882562C52AB0B00EE11A3;
					};
				};
			};
			buildConfigurationList = 323882522C52AB0B00EE11A3 /* Build configuration list for PBXProject "Tracker" */;
			compatibilityVersion = "Xcode 14.0";
			developmentRegion = en;
			hasScannedForEncodings = 0;
			knownRegions = (
				en,
				Base,
				ru,
			);
			mainGroup = 3238824E2C52AB0B00EE11A3;
			packageReferences = (
				321587152C9DDEFC00452B99 /* XCRemoteSwiftPackageReference "swift-snapshot-testing" */,
			);
			productRefGroup = 323882582C52AB0B00EE11A3 /* Products */;
			projectDirPath = "";
			projectRoot = "";
			targets = (
				323882562C52AB0B00EE11A3 /* Tracker */,
				3238826F2C52AB0F00EE11A3 /* TrackerTests */,
				323882792C52AB0F00EE11A3 /* TrackerUITests */,
			);
		};
/* End PBXProject section */

/* Begin PBXResourcesBuildPhase section */
		323882552C52AB0B00EE11A3 /* Resources */ = {
			isa = PBXResourcesBuildPhase;
			buildActionMask = 2147483647;
			files = (
				32B0134D2C822B34004C4969 /* SF-Pro-Text-Medium.otf in Resources */,
				321586BA2C82309600452B99 /* SF-Pro-Text-Bold.otf in Resources */,
				321587032C9495CA00452B99 /* Localizable.strings in Resources */,
				323882672C52AB0F00EE11A3 /* Assets.xcassets in Resources */,
				3238826A2C52AB0F00EE11A3 /* Base in Resources */,
				323882622C52AB0B00EE11A3 /* Base in Resources */,
				321587062C949B7B00452B99 /* Localizable.stringsdict in Resources */,
			);
			runOnlyForDeploymentPostprocessing = 0;
		};
		3238826E2C52AB0F00EE11A3 /* Resources */ = {
			isa = PBXResourcesBuildPhase;
			buildActionMask = 2147483647;
			files = (
			);
			runOnlyForDeploymentPostprocessing = 0;
		};
		323882782C52AB0F00EE11A3 /* Resources */ = {
			isa = PBXResourcesBuildPhase;
			buildActionMask = 2147483647;
			files = (
			);
			runOnlyForDeploymentPostprocessing = 0;
		};
/* End PBXResourcesBuildPhase section */

/* Begin PBXShellScriptBuildPhase section */
		3238828D2C52B2E200EE11A3 /* Run Script */ = {
			isa = PBXShellScriptBuildPhase;
			alwaysOutOfDate = 1;
			buildActionMask = 2147483647;
			files = (
			);
			inputFileListPaths = (
			);
			inputPaths = (
			);
			name = "Run Script";
			outputFileListPaths = (
			);
			outputPaths = (
			);
			runOnlyForDeploymentPostprocessing = 0;
			shellPath = /bin/sh;
			shellScript = "echo \"Starting SwiftLint...\"\nif which /opt/homebrew/bin/swiftlint > /dev/null; then\n  swiftlint\n  echo \"SwiftLint finished successfully.\"\nelse\n  echo \"warning: SwiftLint not installed, download from https://github.com/realm/SwiftLint\"\nfi\n";
		};
/* End PBXShellScriptBuildPhase section */

/* Begin PBXSourcesBuildPhase section */
		323882532C52AB0B00EE11A3 /* Sources */ = {
			isa = PBXSourcesBuildPhase;
			buildActionMask = 2147483647;
			files = (
				321586C12C873F2000452B99 /* TrackerEntity+CoreDataClass.swift in Sources */,
				321586C22C873F2000452B99 /* TrackerEntity+CoreDataProperties.swift in Sources */,
				32BABF122C7213B300E176E2 /* UIView.swift in Sources */,
				32C3B6B62C7770E700E34DFD /* ColorCollectionViewDataSourceDelegate.swift in Sources */,
				32BABF082C676A9200E176E2 /* CreateNewCategoryViewController.swift in Sources */,
				321587112C9C3B9C00452B99 /* FilterTrackersViewController.swift in Sources */,
				321586EE2C8F68C800452B99 /* OnboardingScreenViewController.swift in Sources */,
				32C3B6AF2C7514A800E34DFD /* EmojiCollectionViewDataSourceDelegate.swift in Sources */,
				32B013472C7A4626004C4969 /* TrackerStore.swift in Sources */,
				32A45BB32C5EAC34002A97F5 /* TrackerCategory.swift in Sources */,
				32A45BB72C5FE326002A97F5 /* ChooseTrackerTypeViewController.swift in Sources */,
				32BABEFC2C60DAAC00E176E2 /* CreateNewTrackerViewController.swift in Sources */,
				321586C52C87417100452B99 /* Weekday.swift in Sources */,
				32A45BB12C5EA9C6002A97F5 /* Tracker.swift in Sources */,
				32A45B6B2C53DA2E002A97F5 /* TrackersViewController.swift in Sources */,
				32BABF0E2C6D11D200E176E2 /* UIColor.swift in Sources */,
				32A45B6E2C53DAA2002A97F5 /* StatisticsViewController.swift in Sources */,
				32BABF102C71212500E176E2 /* UITabBar.swift in Sources */,
				32BABF042C6766E400E176E2 /* ChooseCategoryViewController.swift in Sources */,
				32A45BB52C5EACDC002A97F5 /* TrackerRecord.swift in Sources */,
				32BABF002C65194600E176E2 /* TrackersCell.swift in Sources */,
				321586F82C91E7FD00452B99 /* CreateNewCategoryViewModel.swift in Sources */,
				321587132C9C6A6300452B99 /* FilterType.swift in Sources */,
				3238825B2C52AB0B00EE11A3 /* AppDelegate.swift in Sources */,
				32BABF1C2C750F1C00E176E2 /* EmojiHeader.swift in Sources */,
				32C3B6B22C7770C500E34DFD /* ColorCell.swift in Sources */,
				32B0134B2C7A4640004C4969 /* TrackerRecordStore.swift in Sources */,
				32BABF1A2C750BF500E176E2 /* EmojiCell.swift in Sources */,
				321586FE2C92E5B000452B99 /* CategoryCell.swift in Sources */,
				321586F22C90841B00452B99 /* Constants.swift in Sources */,
				321586FC2C91F66000452B99 /* ScheduleScreenViewModel.swift in Sources */,
				32BABF022C6699EE00E176E2 /* TrackersHeaderView.swift in Sources */,
				32A45B652C53D549002A97F5 /* LaunchScreenViewController.swift in Sources */,
				32C3B6B42C7770D700E34DFD /* ColorHeader.swift in Sources */,
				32A45B682C53D9A6002A97F5 /* TabBarController.swift in Sources */,
				32B013492C7A4634004C4969 /* TrackerCategoryStore.swift in Sources */,
				32BABEFE2C61501A00E176E2 /* ScheduleScreenViewController.swift in Sources */,
				3238825D2C52AB0B00EE11A3 /* SceneDelegate.swift in Sources */,
				321586EC2C8F63DD00452B99 /* OnboardingPageViewController.swift in Sources */,
				32C3B6BA2C78E8D700E34DFD /* TrackersData.xcdatamodeld in Sources */,
				321586F62C90AA9B00452B99 /* ChooseCategoryViewModel.swift in Sources */,
			);
			runOnlyForDeploymentPostprocessing = 0;
		};
		3238826C2C52AB0F00EE11A3 /* Sources */ = {
			isa = PBXSourcesBuildPhase;
			buildActionMask = 2147483647;
			files = (
				323882752C52AB0F00EE11A3 /* TrackerTests.swift in Sources */,
			);
			runOnlyForDeploymentPostprocessing = 0;
		};
		323882762C52AB0F00EE11A3 /* Sources */ = {
			isa = PBXSourcesBuildPhase;
			buildActionMask = 2147483647;
			files = (
				3238827F2C52AB0F00EE11A3 /* TrackerUITests.swift in Sources */,
				323882812C52AB0F00EE11A3 /* TrackerUITestsLaunchTests.swift in Sources */,
			);
			runOnlyForDeploymentPostprocessing = 0;
		};
/* End PBXSourcesBuildPhase section */

/* Begin PBXTargetDependency section */
		323882722C52AB0F00EE11A3 /* PBXTargetDependency */ = {
			isa = PBXTargetDependency;
			target = 323882562C52AB0B00EE11A3 /* Tracker */;
			targetProxy = 323882712C52AB0F00EE11A3 /* PBXContainerItemProxy */;
		};
		3238827C2C52AB0F00EE11A3 /* PBXTargetDependency */ = {
			isa = PBXTargetDependency;
			target = 323882562C52AB0B00EE11A3 /* Tracker */;
			targetProxy = 3238827B2C52AB0F00EE11A3 /* PBXContainerItemProxy */;
		};
/* End PBXTargetDependency section */

/* Begin PBXVariantGroup section */
		321587012C9495CA00452B99 /* Localizable.strings */ = {
			isa = PBXVariantGroup;
			children = (
				321587022C9495CA00452B99 /* en */,
				321587072C949E0E00452B99 /* ru */,
			);
			name = Localizable.strings;
			sourceTree = "<group>";
		};
		321587042C949B7B00452B99 /* Localizable.stringsdict */ = {
			isa = PBXVariantGroup;
			children = (
				321587052C949B7B00452B99 /* en */,
				321587082C949E1F00452B99 /* ru */,
			);
			name = Localizable.stringsdict;
			sourceTree = "<group>";
		};
		323882602C52AB0B00EE11A3 /* Main.storyboard */ = {
			isa = PBXVariantGroup;
			children = (
				323882612C52AB0B00EE11A3 /* Base */,
			);
			name = Main.storyboard;
			sourceTree = "<group>";
		};
		323882682C52AB0F00EE11A3 /* LaunchScreen.storyboard */ = {
			isa = PBXVariantGroup;
			children = (
				323882692C52AB0F00EE11A3 /* Base */,
			);
			name = LaunchScreen.storyboard;
			sourceTree = "<group>";
		};
/* End PBXVariantGroup section */

/* Begin XCBuildConfiguration section */
		323882822C52AB0F00EE11A3 /* Debug */ = {
			isa = XCBuildConfiguration;
			buildSettings = {
				ALWAYS_SEARCH_USER_PATHS = NO;
				ASSETCATALOG_COMPILER_GENERATE_SWIFT_ASSET_SYMBOL_EXTENSIONS = YES;
				CLANG_ANALYZER_NONNULL = YES;
				CLANG_ANALYZER_NUMBER_OBJECT_CONVERSION = YES_AGGRESSIVE;
				CLANG_CXX_LANGUAGE_STANDARD = "gnu++20";
				CLANG_ENABLE_MODULES = YES;
				CLANG_ENABLE_OBJC_ARC = YES;
				CLANG_ENABLE_OBJC_WEAK = YES;
				CLANG_WARN_BLOCK_CAPTURE_AUTORELEASING = YES;
				CLANG_WARN_BOOL_CONVERSION = YES;
				CLANG_WARN_COMMA = YES;
				CLANG_WARN_CONSTANT_CONVERSION = YES;
				CLANG_WARN_DEPRECATED_OBJC_IMPLEMENTATIONS = YES;
				CLANG_WARN_DIRECT_OBJC_ISA_USAGE = YES_ERROR;
				CLANG_WARN_DOCUMENTATION_COMMENTS = YES;
				CLANG_WARN_EMPTY_BODY = YES;
				CLANG_WARN_ENUM_CONVERSION = YES;
				CLANG_WARN_INFINITE_RECURSION = YES;
				CLANG_WARN_INT_CONVERSION = YES;
				CLANG_WARN_NON_LITERAL_NULL_CONVERSION = YES;
				CLANG_WARN_OBJC_IMPLICIT_RETAIN_SELF = YES;
				CLANG_WARN_OBJC_LITERAL_CONVERSION = YES;
				CLANG_WARN_OBJC_ROOT_CLASS = YES_ERROR;
				CLANG_WARN_QUOTED_INCLUDE_IN_FRAMEWORK_HEADER = YES;
				CLANG_WARN_RANGE_LOOP_ANALYSIS = YES;
				CLANG_WARN_STRICT_PROTOTYPES = YES;
				CLANG_WARN_SUSPICIOUS_MOVE = YES;
				CLANG_WARN_UNGUARDED_AVAILABILITY = YES_AGGRESSIVE;
				CLANG_WARN_UNREACHABLE_CODE = YES;
				CLANG_WARN__DUPLICATE_METHOD_MATCH = YES;
				COPY_PHASE_STRIP = NO;
				DEBUG_INFORMATION_FORMAT = dwarf;
				ENABLE_STRICT_OBJC_MSGSEND = YES;
				ENABLE_TESTABILITY = YES;
				ENABLE_USER_SCRIPT_SANDBOXING = YES;
				GCC_C_LANGUAGE_STANDARD = gnu17;
				GCC_DYNAMIC_NO_PIC = NO;
				GCC_NO_COMMON_BLOCKS = YES;
				GCC_OPTIMIZATION_LEVEL = 0;
				GCC_PREPROCESSOR_DEFINITIONS = (
					"DEBUG=1",
					"$(inherited)",
				);
				GCC_WARN_64_TO_32_BIT_CONVERSION = YES;
				GCC_WARN_ABOUT_RETURN_TYPE = YES_ERROR;
				GCC_WARN_UNDECLARED_SELECTOR = YES;
				GCC_WARN_UNINITIALIZED_AUTOS = YES_AGGRESSIVE;
				GCC_WARN_UNUSED_FUNCTION = YES;
				GCC_WARN_UNUSED_VARIABLE = YES;
				IPHONEOS_DEPLOYMENT_TARGET = 13.4;
				LOCALIZATION_PREFERS_STRING_CATALOGS = YES;
				MTL_ENABLE_DEBUG_INFO = INCLUDE_SOURCE;
				MTL_FAST_MATH = YES;
				ONLY_ACTIVE_ARCH = YES;
				SDKROOT = iphoneos;
				SWIFT_ACTIVE_COMPILATION_CONDITIONS = "DEBUG $(inherited)";
				SWIFT_OPTIMIZATION_LEVEL = "-Onone";
			};
			name = Debug;
		};
		323882832C52AB0F00EE11A3 /* Release */ = {
			isa = XCBuildConfiguration;
			buildSettings = {
				ALWAYS_SEARCH_USER_PATHS = NO;
				ASSETCATALOG_COMPILER_GENERATE_SWIFT_ASSET_SYMBOL_EXTENSIONS = YES;
				CLANG_ANALYZER_NONNULL = YES;
				CLANG_ANALYZER_NUMBER_OBJECT_CONVERSION = YES_AGGRESSIVE;
				CLANG_CXX_LANGUAGE_STANDARD = "gnu++20";
				CLANG_ENABLE_MODULES = YES;
				CLANG_ENABLE_OBJC_ARC = YES;
				CLANG_ENABLE_OBJC_WEAK = YES;
				CLANG_WARN_BLOCK_CAPTURE_AUTORELEASING = YES;
				CLANG_WARN_BOOL_CONVERSION = YES;
				CLANG_WARN_COMMA = YES;
				CLANG_WARN_CONSTANT_CONVERSION = YES;
				CLANG_WARN_DEPRECATED_OBJC_IMPLEMENTATIONS = YES;
				CLANG_WARN_DIRECT_OBJC_ISA_USAGE = YES_ERROR;
				CLANG_WARN_DOCUMENTATION_COMMENTS = YES;
				CLANG_WARN_EMPTY_BODY = YES;
				CLANG_WARN_ENUM_CONVERSION = YES;
				CLANG_WARN_INFINITE_RECURSION = YES;
				CLANG_WARN_INT_CONVERSION = YES;
				CLANG_WARN_NON_LITERAL_NULL_CONVERSION = YES;
				CLANG_WARN_OBJC_IMPLICIT_RETAIN_SELF = YES;
				CLANG_WARN_OBJC_LITERAL_CONVERSION = YES;
				CLANG_WARN_OBJC_ROOT_CLASS = YES_ERROR;
				CLANG_WARN_QUOTED_INCLUDE_IN_FRAMEWORK_HEADER = YES;
				CLANG_WARN_RANGE_LOOP_ANALYSIS = YES;
				CLANG_WARN_STRICT_PROTOTYPES = YES;
				CLANG_WARN_SUSPICIOUS_MOVE = YES;
				CLANG_WARN_UNGUARDED_AVAILABILITY = YES_AGGRESSIVE;
				CLANG_WARN_UNREACHABLE_CODE = YES;
				CLANG_WARN__DUPLICATE_METHOD_MATCH = YES;
				COPY_PHASE_STRIP = NO;
				DEBUG_INFORMATION_FORMAT = "dwarf-with-dsym";
				ENABLE_NS_ASSERTIONS = NO;
				ENABLE_STRICT_OBJC_MSGSEND = YES;
				ENABLE_USER_SCRIPT_SANDBOXING = YES;
				GCC_C_LANGUAGE_STANDARD = gnu17;
				GCC_NO_COMMON_BLOCKS = YES;
				GCC_WARN_64_TO_32_BIT_CONVERSION = YES;
				GCC_WARN_ABOUT_RETURN_TYPE = YES_ERROR;
				GCC_WARN_UNDECLARED_SELECTOR = YES;
				GCC_WARN_UNINITIALIZED_AUTOS = YES_AGGRESSIVE;
				GCC_WARN_UNUSED_FUNCTION = YES;
				GCC_WARN_UNUSED_VARIABLE = YES;
				IPHONEOS_DEPLOYMENT_TARGET = 13.4;
				LOCALIZATION_PREFERS_STRING_CATALOGS = YES;
				MTL_ENABLE_DEBUG_INFO = NO;
				MTL_FAST_MATH = YES;
				SDKROOT = iphoneos;
				SWIFT_COMPILATION_MODE = wholemodule;
				VALIDATE_PRODUCT = YES;
			};
			name = Release;
		};
		323882852C52AB0F00EE11A3 /* Debug */ = {
			isa = XCBuildConfiguration;
			buildSettings = {
				ASSETCATALOG_COMPILER_APPICON_NAME = AppIcon;
				ASSETCATALOG_COMPILER_GLOBAL_ACCENT_COLOR_NAME = AccentColor;
				CODE_SIGN_STYLE = Automatic;
				CURRENT_PROJECT_VERSION = 1;
				DEVELOPMENT_TEAM = 34FDFN93B8;
				GENERATE_INFOPLIST_FILE = YES;
				INFOPLIST_FILE = Tracker/Info.plist;
				INFOPLIST_KEY_UIApplicationSupportsIndirectInputEvents = YES;
				INFOPLIST_KEY_UILaunchStoryboardName = LaunchScreen;
				INFOPLIST_KEY_UIMainStoryboardFile = Main;
				INFOPLIST_KEY_UISupportedInterfaceOrientations = "UIInterfaceOrientationLandscapeLeft UIInterfaceOrientationLandscapeRight UIInterfaceOrientationPortrait";
				INFOPLIST_KEY_UISupportedInterfaceOrientations_iPad = "UIInterfaceOrientationLandscapeLeft UIInterfaceOrientationLandscapeRight";
				LD_RUNPATH_SEARCH_PATHS = (
					"$(inherited)",
					"@executable_path/Frameworks",
				);
				MARKETING_VERSION = 1.0;
				PRODUCT_BUNDLE_IDENTIFIER = ru.yandex.practicum.Tracker;
				PRODUCT_NAME = "$(TARGET_NAME)";
				SWIFT_EMIT_LOC_STRINGS = YES;
				SWIFT_VERSION = 5.0;
				TARGETED_DEVICE_FAMILY = 1;
			};
			name = Debug;
		};
		323882862C52AB0F00EE11A3 /* Release */ = {
			isa = XCBuildConfiguration;
			buildSettings = {
				ASSETCATALOG_COMPILER_APPICON_NAME = AppIcon;
				ASSETCATALOG_COMPILER_GLOBAL_ACCENT_COLOR_NAME = AccentColor;
				CODE_SIGN_STYLE = Automatic;
				CURRENT_PROJECT_VERSION = 1;
				DEVELOPMENT_TEAM = 34FDFN93B8;
				GENERATE_INFOPLIST_FILE = YES;
				INFOPLIST_FILE = Tracker/Info.plist;
				INFOPLIST_KEY_UIApplicationSupportsIndirectInputEvents = YES;
				INFOPLIST_KEY_UILaunchStoryboardName = LaunchScreen;
				INFOPLIST_KEY_UIMainStoryboardFile = Main;
				INFOPLIST_KEY_UISupportedInterfaceOrientations = "UIInterfaceOrientationLandscapeLeft UIInterfaceOrientationLandscapeRight UIInterfaceOrientationPortrait";
				INFOPLIST_KEY_UISupportedInterfaceOrientations_iPad = "UIInterfaceOrientationLandscapeLeft UIInterfaceOrientationLandscapeRight";
				LD_RUNPATH_SEARCH_PATHS = (
					"$(inherited)",
					"@executable_path/Frameworks",
				);
				MARKETING_VERSION = 1.0;
				PRODUCT_BUNDLE_IDENTIFIER = ru.yandex.practicum.Tracker;
				PRODUCT_NAME = "$(TARGET_NAME)";
				SWIFT_EMIT_LOC_STRINGS = YES;
				SWIFT_VERSION = 5.0;
				TARGETED_DEVICE_FAMILY = 1;
			};
			name = Release;
		};
		323882882C52AB0F00EE11A3 /* Debug */ = {
			isa = XCBuildConfiguration;
			buildSettings = {
				ALWAYS_EMBED_SWIFT_STANDARD_LIBRARIES = YES;
				BUNDLE_LOADER = "$(TEST_HOST)";
				CODE_SIGN_STYLE = Automatic;
				CURRENT_PROJECT_VERSION = 1;
				DEVELOPMENT_TEAM = 34FDFN93B8;
				GENERATE_INFOPLIST_FILE = YES;
				IPHONEOS_DEPLOYMENT_TARGET = 17.2;
				MARKETING_VERSION = 1.0;
				PRODUCT_BUNDLE_IDENTIFIER = ru.yandex.practicum.TrackerTests;
				PRODUCT_NAME = "$(TARGET_NAME)";
				SWIFT_EMIT_LOC_STRINGS = NO;
				SWIFT_VERSION = 5.0;
				TARGETED_DEVICE_FAMILY = "1,2";
				TEST_HOST = "$(BUILT_PRODUCTS_DIR)/Tracker.app/$(BUNDLE_EXECUTABLE_FOLDER_PATH)/Tracker";
			};
			name = Debug;
		};
		323882892C52AB0F00EE11A3 /* Release */ = {
			isa = XCBuildConfiguration;
			buildSettings = {
				ALWAYS_EMBED_SWIFT_STANDARD_LIBRARIES = YES;
				BUNDLE_LOADER = "$(TEST_HOST)";
				CODE_SIGN_STYLE = Automatic;
				CURRENT_PROJECT_VERSION = 1;
				DEVELOPMENT_TEAM = 34FDFN93B8;
				GENERATE_INFOPLIST_FILE = YES;
				IPHONEOS_DEPLOYMENT_TARGET = 17.2;
				MARKETING_VERSION = 1.0;
				PRODUCT_BUNDLE_IDENTIFIER = ru.yandex.practicum.TrackerTests;
				PRODUCT_NAME = "$(TARGET_NAME)";
				SWIFT_EMIT_LOC_STRINGS = NO;
				SWIFT_VERSION = 5.0;
				TARGETED_DEVICE_FAMILY = "1,2";
				TEST_HOST = "$(BUILT_PRODUCTS_DIR)/Tracker.app/$(BUNDLE_EXECUTABLE_FOLDER_PATH)/Tracker";
			};
			name = Release;
		};
		3238828B2C52AB0F00EE11A3 /* Debug */ = {
			isa = XCBuildConfiguration;
			buildSettings = {
				ALWAYS_EMBED_SWIFT_STANDARD_LIBRARIES = YES;
				CODE_SIGN_STYLE = Automatic;
				CURRENT_PROJECT_VERSION = 1;
				DEVELOPMENT_TEAM = 34FDFN93B8;
				GENERATE_INFOPLIST_FILE = YES;
				MARKETING_VERSION = 1.0;
				PRODUCT_BUNDLE_IDENTIFIER = ru.yandex.practicum.TrackerUITests;
				PRODUCT_NAME = "$(TARGET_NAME)";
				SWIFT_EMIT_LOC_STRINGS = NO;
				SWIFT_VERSION = 5.0;
				TARGETED_DEVICE_FAMILY = "1,2";
				TEST_TARGET_NAME = Tracker;
			};
			name = Debug;
		};
		3238828C2C52AB0F00EE11A3 /* Release */ = {
			isa = XCBuildConfiguration;
			buildSettings = {
				ALWAYS_EMBED_SWIFT_STANDARD_LIBRARIES = YES;
				CODE_SIGN_STYLE = Automatic;
				CURRENT_PROJECT_VERSION = 1;
				DEVELOPMENT_TEAM = 34FDFN93B8;
				GENERATE_INFOPLIST_FILE = YES;
				MARKETING_VERSION = 1.0;
				PRODUCT_BUNDLE_IDENTIFIER = ru.yandex.practicum.TrackerUITests;
				PRODUCT_NAME = "$(TARGET_NAME)";
				SWIFT_EMIT_LOC_STRINGS = NO;
				SWIFT_VERSION = 5.0;
				TARGETED_DEVICE_FAMILY = "1,2";
				TEST_TARGET_NAME = Tracker;
			};
			name = Release;
		};
/* End XCBuildConfiguration section */

/* Begin XCConfigurationList section */
		323882522C52AB0B00EE11A3 /* Build configuration list for PBXProject "Tracker" */ = {
			isa = XCConfigurationList;
			buildConfigurations = (
				323882822C52AB0F00EE11A3 /* Debug */,
				323882832C52AB0F00EE11A3 /* Release */,
			);
			defaultConfigurationIsVisible = 0;
			defaultConfigurationName = Release;
		};
		323882842C52AB0F00EE11A3 /* Build configuration list for PBXNativeTarget "Tracker" */ = {
			isa = XCConfigurationList;
			buildConfigurations = (
				323882852C52AB0F00EE11A3 /* Debug */,
				323882862C52AB0F00EE11A3 /* Release */,
			);
			defaultConfigurationIsVisible = 0;
			defaultConfigurationName = Release;
		};
		323882872C52AB0F00EE11A3 /* Build configuration list for PBXNativeTarget "TrackerTests" */ = {
			isa = XCConfigurationList;
			buildConfigurations = (
				323882882C52AB0F00EE11A3 /* Debug */,
				323882892C52AB0F00EE11A3 /* Release */,
			);
			defaultConfigurationIsVisible = 0;
			defaultConfigurationName = Release;
		};
		3238828A2C52AB0F00EE11A3 /* Build configuration list for PBXNativeTarget "TrackerUITests" */ = {
			isa = XCConfigurationList;
			buildConfigurations = (
				3238828B2C52AB0F00EE11A3 /* Debug */,
				3238828C2C52AB0F00EE11A3 /* Release */,
			);
			defaultConfigurationIsVisible = 0;
			defaultConfigurationName = Release;
		};
/* End XCConfigurationList section */

/* Begin XCRemoteSwiftPackageReference section */
		321587152C9DDEFC00452B99 /* XCRemoteSwiftPackageReference "swift-snapshot-testing" */ = {
			isa = XCRemoteSwiftPackageReference;
			repositoryURL = "https://github.com/pointfreeco/swift-snapshot-testing.git";
			requirement = {
				kind = upToNextMajorVersion;
				minimumVersion = 1.17.5;
			};
		};
/* End XCRemoteSwiftPackageReference section */

/* Begin XCSwiftPackageProductDependency section */
		321587162C9DDEFC00452B99 /* InlineSnapshotTesting */ = {
			isa = XCSwiftPackageProductDependency;
			package = 321587152C9DDEFC00452B99 /* XCRemoteSwiftPackageReference "swift-snapshot-testing" */;
			productName = InlineSnapshotTesting;
		};
		321587182C9DDEFC00452B99 /* SnapshotTesting */ = {
			isa = XCSwiftPackageProductDependency;
			package = 321587152C9DDEFC00452B99 /* XCRemoteSwiftPackageReference "swift-snapshot-testing" */;
			productName = SnapshotTesting;
		};
/* End XCSwiftPackageProductDependency section */

/* Begin XCVersionGroup section */
		32C3B6B82C78E8D700E34DFD /* TrackersData.xcdatamodeld */ = {
			isa = XCVersionGroup;
			children = (
				3215870F2C9B164F00452B99 /* Library_2.xcdatamodel */,
				32C3B6B92C78E8D700E34DFD /* Library.xcdatamodel */,
			);
			currentVersion = 3215870F2C9B164F00452B99 /* Library_2.xcdatamodel */;
			path = TrackersData.xcdatamodeld;
			sourceTree = "<group>";
			versionGroupType = wrapper.xcdatamodel;
		};
/* End XCVersionGroup section */
	};
	rootObject = 3238824F2C52AB0B00EE11A3 /* Project object */;
}
